
Microsoft Visual Studio Solution File, Format Version 12.00
# Visual Studio Version 17
VisualStudioVersion = 17.0.31912.275
MinimumVisualStudioVersion = 10.0.40219.1
Project("{9A19103F-16F7-4668-BE54-9A1E7A4F7556}") = "Day1", "Day1\Day1.csproj", "{EA6017FC-AB89-48A3-814E-3E20D6972B4E}"
EndProject
Project("{9A19103F-16F7-4668-BE54-9A1E7A4F7556}") = "Day2", "Day2\Day2.csproj", "{15EFAE71-F5FD-4251-81B5-76917E03ACD3}"
EndProject
Project("{9A19103F-16F7-4668-BE54-9A1E7A4F7556}") = "Day3", "Day3\Day3.csproj", "{CEF5548A-21EB-46D4-AD2A-F5D55B3EF92A}"
EndProject
Project("{9A19103F-16F7-4668-BE54-9A1E7A4F7556}") = "Day4", "Day4\Day4.csproj", "{E53494C7-D7EE-4642-A2AC-DE15256D079E}"
EndProject
Project("{9A19103F-16F7-4668-BE54-9A1E7A4F7556}") = "Day5", "Day5\Day5.csproj", "{6AF8194B-4595-43A8-9652-DC67114483E8}"
EndProject
Project("{9A19103F-16F7-4668-BE54-9A1E7A4F7556}") = "Day6", "Day6\Day6.csproj", "{92731305-73C3-4085-B7EF-CEFF1948BA64}"
EndProject
Project("{9A19103F-16F7-4668-BE54-9A1E7A4F7556}") = "Day7", "Day7\Day7.csproj", "{D1FC1222-0ADC-49F9-9372-CC682A647A60}"
EndProject
Project("{9A19103F-16F7-4668-BE54-9A1E7A4F7556}") = "Day8", "Day8\Day8.csproj", "{2E6A841A-4A69-4867-A246-C59C22781440}"
EndProject
Project("{9A19103F-16F7-4668-BE54-9A1E7A4F7556}") = "Day9", "Day9\Day9.csproj", "{301D5AE1-F1C5-480E-BD99-B2A639FBCE23}"
EndProject
Project("{9A19103F-16F7-4668-BE54-9A1E7A4F7556}") = "Day10", "Day10\Day10.csproj", "{93A2703D-F2C8-48B1-8CDD-3881218A93A1}"
EndProject
Project("{2150E333-8FDC-42A3-9474-1A3956D46DE8}") = "Day 1 - 9", "Day 1 - 9", "{27B781FA-4088-4BEE-B37D-39E4C0B88775}"
EndProject
Project("{FAE04EC0-301F-11D3-BF4B-00C04F79EFBC}") = "Day11", "Day11\Day11.csproj", "{A8AB685D-0A94-4B33-9911-C28F392CBD08}"
EndProject
Global
	GlobalSection(SolutionConfigurationPlatforms) = preSolution
		Debug|Any CPU = Debug|Any CPU
		Release|Any CPU = Release|Any CPU
	EndGlobalSection
	GlobalSection(ProjectConfigurationPlatforms) = postSolution
		{EA6017FC-AB89-48A3-814E-3E20D6972B4E}.Debug|Any CPU.ActiveCfg = Debug|Any CPU
		{EA6017FC-AB89-48A3-814E-3E20D6972B4E}.Debug|Any CPU.Build.0 = Debug|Any CPU
		{EA6017FC-AB89-48A3-814E-3E20D6972B4E}.Release|Any CPU.ActiveCfg = Release|Any CPU
		{EA6017FC-AB89-48A3-814E-3E20D6972B4E}.Release|Any CPU.Build.0 = Release|Any CPU
		{15EFAE71-F5FD-4251-81B5-76917E03ACD3}.Debug|Any CPU.ActiveCfg = Debug|Any CPU
		{15EFAE71-F5FD-4251-81B5-76917E03ACD3}.Debug|Any CPU.Build.0 = Debug|Any CPU
		{15EFAE71-F5FD-4251-81B5-76917E03ACD3}.Release|Any CPU.ActiveCfg = Release|Any CPU
		{15EFAE71-F5FD-4251-81B5-76917E03ACD3}.Release|Any CPU.Build.0 = Release|Any CPU
		{CEF5548A-21EB-46D4-AD2A-F5D55B3EF92A}.Debug|Any CPU.ActiveCfg = Debug|Any CPU
		{CEF5548A-21EB-46D4-AD2A-F5D55B3EF92A}.Debug|Any CPU.Build.0 = Debug|Any CPU
		{CEF5548A-21EB-46D4-AD2A-F5D55B3EF92A}.Release|Any CPU.ActiveCfg = Release|Any CPU
		{CEF5548A-21EB-46D4-AD2A-F5D55B3EF92A}.Release|Any CPU.Build.0 = Release|Any CPU
		{E53494C7-D7EE-4642-A2AC-DE15256D079E}.Debug|Any CPU.ActiveCfg = Debug|Any CPU
		{E53494C7-D7EE-4642-A2AC-DE15256D079E}.Debug|Any CPU.Build.0 = Debug|Any CPU
		{E53494C7-D7EE-4642-A2AC-DE15256D079E}.Release|Any CPU.ActiveCfg = Release|Any CPU
		{E53494C7-D7EE-4642-A2AC-DE15256D079E}.Release|Any CPU.Build.0 = Release|Any CPU
		{6AF8194B-4595-43A8-9652-DC67114483E8}.Debug|Any CPU.ActiveCfg = Debug|Any CPU
		{6AF8194B-4595-43A8-9652-DC67114483E8}.Debug|Any CPU.Build.0 = Debug|Any CPU
		{6AF8194B-4595-43A8-9652-DC67114483E8}.Release|Any CPU.ActiveCfg = Release|Any CPU
		{6AF8194B-4595-43A8-9652-DC67114483E8}.Release|Any CPU.Build.0 = Release|Any CPU
		{92731305-73C3-4085-B7EF-CEFF1948BA64}.Debug|Any CPU.ActiveCfg = Debug|Any CPU
		{92731305-73C3-4085-B7EF-CEFF1948BA64}.Debug|Any CPU.Build.0 = Debug|Any CPU
		{92731305-73C3-4085-B7EF-CEFF1948BA64}.Release|Any CPU.ActiveCfg = Release|Any CPU
		{92731305-73C3-4085-B7EF-CEFF1948BA64}.Release|Any CPU.Build.0 = Release|Any CPU
		{D1FC1222-0ADC-49F9-9372-CC682A647A60}.Debug|Any CPU.ActiveCfg = Debug|Any CPU
		{D1FC1222-0ADC-49F9-9372-CC682A647A60}.Debug|Any CPU.Build.0 = Debug|Any CPU
		{D1FC1222-0ADC-49F9-9372-CC682A647A60}.Release|Any CPU.ActiveCfg = Release|Any CPU
		{D1FC1222-0ADC-49F9-9372-CC682A647A60}.Release|Any CPU.Build.0 = Release|Any CPU
		{2E6A841A-4A69-4867-A246-C59C22781440}.Debug|Any CPU.ActiveCfg = Debug|Any CPU
		{2E6A841A-4A69-4867-A246-C59C22781440}.Debug|Any CPU.Build.0 = Debug|Any CPU
		{2E6A841A-4A69-4867-A246-C59C22781440}.Release|Any CPU.ActiveCfg = Release|Any CPU
		{2E6A841A-4A69-4867-A246-C59C22781440}.Release|Any CPU.Build.0 = Release|Any CPU
		{301D5AE1-F1C5-480E-BD99-B2A639FBCE23}.Debug|Any CPU.ActiveCfg = Debug|Any CPU
		{301D5AE1-F1C5-480E-BD99-B2A639FBCE23}.Debug|Any CPU.Build.0 = Debug|Any CPU
		{301D5AE1-F1C5-480E-BD99-B2A639FBCE23}.Release|Any CPU.ActiveCfg = Release|Any CPU
		{301D5AE1-F1C5-480E-BD99-B2A639FBCE23}.Release|Any CPU.Build.0 = Release|Any CPU
		{93A2703D-F2C8-48B1-8CDD-3881218A93A1}.Debug|Any CPU.ActiveCfg = Debug|Any CPU
		{93A2703D-F2C8-48B1-8CDD-3881218A93A1}.Debug|Any CPU.Build.0 = Debug|Any CPU
		{93A2703D-F2C8-48B1-8CDD-3881218A93A1}.Release|Any CPU.ActiveCfg = Release|Any CPU
		{93A2703D-F2C8-48B1-8CDD-3881218A93A1}.Release|Any CPU.Build.0 = Release|Any CPU
		{A8AB685D-0A94-4B33-9911-C28F392CBD08}.Debug|Any CPU.ActiveCfg = Debug|Any CPU
		{A8AB685D-0A94-4B33-9911-C28F392CBD08}.Debug|Any CPU.Build.0 = Debug|Any CPU
		{A8AB685D-0A94-4B33-9911-C28F392CBD08}.Release|Any CPU.ActiveCfg = Release|Any CPU
		{A8AB685D-0A94-4B33-9911-C28F392CBD08}.Release|Any CPU.Build.0 = Release|Any CPU
	EndGlobalSection
	GlobalSection(SolutionProperties) = preSolution
		HideSolutionNode = FALSE
	EndGlobalSection
	GlobalSection(NestedProjects) = preSolution
		{EA6017FC-AB89-48A3-814E-3E20D6972B4E} = {27B781FA-4088-4BEE-B37D-39E4C0B88775}
		{15EFAE71-F5FD-4251-81B5-76917E03ACD3} = {27B781FA-4088-4BEE-B37D-39E4C0B88775}
		{CEF5548A-21EB-46D4-AD2A-F5D55B3EF92A} = {27B781FA-4088-4BEE-B37D-39E4C0B88775}
		{E53494C7-D7EE-4642-A2AC-DE15256D079E} = {27B781FA-4088-4BEE-B37D-39E4C0B88775}
		{6AF8194B-4595-43A8-9652-DC67114483E8} = {27B781FA-4088-4BEE-B37D-39E4C0B88775}
		{92731305-73C3-4085-B7EF-CEFF1948BA64} = {27B781FA-4088-4BEE-B37D-39E4C0B88775}
		{D1FC1222-0ADC-49F9-9372-CC682A647A60} = {27B781FA-4088-4BEE-B37D-39E4C0B88775}
		{2E6A841A-4A69-4867-A246-C59C22781440} = {27B781FA-4088-4BEE-B37D-39E4C0B88775}
		{301D5AE1-F1C5-480E-BD99-B2A639FBCE23} = {27B781FA-4088-4BEE-B37D-39E4C0B88775}
	EndGlobalSection
	GlobalSection(ExtensibilityGlobals) = postSolution
		SolutionGuid = {7333F92E-9FE5-4174-97AA-AAF61B2385C3}
	EndGlobalSection
EndGlobal
